
Microsoft Visual Studio Solution File, Format Version 12.00
# Visual Studio Version 17
VisualStudioVersion = 17.4.33403.182
MinimumVisualStudioVersion = 10.0.40219.1
Project("{9A19103F-16F7-4668-BE54-9A1E7A4F7556}") = "Movies.Application", "Movies.Application\Movies.Application.csproj", "{3E1568DB-CDC1-4BEF-B695-684AB34C1621}"
EndProject
Project("{2150E333-8FDC-42A3-9474-1A3956D46DE8}") = "ReadMe", "ReadMe", "{781816B5-5942-4441-A56E-6B48262F5A6B}"
	ProjectSection(SolutionItems) = preProject
		README.md = README.md
	EndProjectSection
EndProject
Project("{9A19103F-16F7-4668-BE54-9A1E7A4F7556}") = "Movies.Contracts", "Movies.Contracts\Movies.Contracts.csproj", "{E234E20D-4B48-49CD-AE73-60F3B2650446}"
EndProject
Project("{2150E333-8FDC-42A3-9474-1A3956D46DE8}") = "Postman", "Postman", "{D3B9F2B6-3741-4273-914B-573A9C8CA1F1}"
	ProjectSection(SolutionItems) = preProject
		Movies.postman_collection = Movies.postman_collection
	EndProjectSection
EndProject
Project("{2150E333-8FDC-42A3-9474-1A3956D46DE8}") = "Data", "Data", "{6C277771-0573-4631-BE29-3F37B1AFD303}"
	ProjectSection(SolutionItems) = preProject
		movies.json = movies.json
	EndProjectSection
EndProject
Project("{2150E333-8FDC-42A3-9474-1A3956D46DE8}") = "Docker", "Docker", "{8EC1BEC0-65B8-4727-8060-B5A1B68EA0D1}"
	ProjectSection(SolutionItems) = preProject
		docker-compose.yml = docker-compose.yml
	EndProjectSection
EndProject
Project("{9A19103F-16F7-4668-BE54-9A1E7A4F7556}") = "Identity.Api", "Identity.Api\Identity.Api.csproj", "{CAF934FD-79D3-49FA-8D9F-3847A9469916}"
EndProject
Project("{9A19103F-16F7-4668-BE54-9A1E7A4F7556}") = "Movies.Api.Sdk", "Movies.Api.Sdk\Movies.Api.Sdk.csproj", "{82DF7F71-57A5-4D07-ADFD-2AAD6C57B2D1}"
EndProject
Project("{9A19103F-16F7-4668-BE54-9A1E7A4F7556}") = "Movies.Api.Sdk.Consumer", "Movies.Api.Sdk.Consumer\Movies.Api.Sdk.Consumer.csproj", "{C17DEC4D-93B5-47DA-B5AD-74FB4F59C9F7}"
EndProject
Project("{9A19103F-16F7-4668-BE54-9A1E7A4F7556}") = "Movies.Api", "Movies.Api\Movies.Api.csproj", "{317CD546-043B-4AF3-A51D-69C39092D158}"
EndProject
Global
	GlobalSection(SolutionConfigurationPlatforms) = preSolution
		Debug|Any CPU = Debug|Any CPU
		Release|Any CPU = Release|Any CPU
	EndGlobalSection
	GlobalSection(ProjectConfigurationPlatforms) = postSolution
		{3E1568DB-CDC1-4BEF-B695-684AB34C1621}.Debug|Any CPU.ActiveCfg = Debug|Any CPU
		{3E1568DB-CDC1-4BEF-B695-684AB34C1621}.Debug|Any CPU.Build.0 = Debug|Any CPU
		{3E1568DB-CDC1-4BEF-B695-684AB34C1621}.Release|Any CPU.ActiveCfg = Release|Any CPU
		{3E1568DB-CDC1-4BEF-B695-684AB34C1621}.Release|Any CPU.Build.0 = Release|Any CPU
		{E234E20D-4B48-49CD-AE73-60F3B2650446}.Debug|Any CPU.ActiveCfg = Debug|Any CPU
		{E234E20D-4B48-49CD-AE73-60F3B2650446}.Debug|Any CPU.Build.0 = Debug|Any CPU
		{E234E20D-4B48-49CD-AE73-60F3B2650446}.Release|Any CPU.ActiveCfg = Release|Any CPU
		{E234E20D-4B48-49CD-AE73-60F3B2650446}.Release|Any CPU.Build.0 = Release|Any CPU
		{CAF934FD-79D3-49FA-8D9F-3847A9469916}.Debug|Any CPU.ActiveCfg = Debug|Any CPU
		{CAF934FD-79D3-49FA-8D9F-3847A9469916}.Debug|Any CPU.Build.0 = Debug|Any CPU
		{CAF934FD-79D3-49FA-8D9F-3847A9469916}.Release|Any CPU.ActiveCfg = Release|Any CPU
		{CAF934FD-79D3-49FA-8D9F-3847A9469916}.Release|Any CPU.Build.0 = Release|Any CPU
		{82DF7F71-57A5-4D07-ADFD-2AAD6C57B2D1}.Debug|Any CPU.ActiveCfg = Debug|Any CPU
		{82DF7F71-57A5-4D07-ADFD-2AAD6C57B2D1}.Debug|Any CPU.Build.0 = Debug|Any CPU
		{82DF7F71-57A5-4D07-ADFD-2AAD6C57B2D1}.Release|Any CPU.ActiveCfg = Release|Any CPU
		{82DF7F71-57A5-4D07-ADFD-2AAD6C57B2D1}.Release|Any CPU.Build.0 = Release|Any CPU
		{C17DEC4D-93B5-47DA-B5AD-74FB4F59C9F7}.Debug|Any CPU.ActiveCfg = Debug|Any CPU
		{C17DEC4D-93B5-47DA-B5AD-74FB4F59C9F7}.Debug|Any CPU.Build.0 = Debug|Any CPU
		{C17DEC4D-93B5-47DA-B5AD-74FB4F59C9F7}.Release|Any CPU.ActiveCfg = Release|Any CPU
		{C17DEC4D-93B5-47DA-B5AD-74FB4F59C9F7}.Release|Any CPU.Build.0 = Release|Any CPU
		{317CD546-043B-4AF3-A51D-69C39092D158}.Debug|Any CPU.ActiveCfg = Debug|Any CPU
		{317CD546-043B-4AF3-A51D-69C39092D158}.Debug|Any CPU.Build.0 = Debug|Any CPU
		{317CD546-043B-4AF3-A51D-69C39092D158}.Release|Any CPU.ActiveCfg = Release|Any CPU
		{317CD546-043B-4AF3-A51D-69C39092D158}.Release|Any CPU.Build.0 = Release|Any CPU
	EndGlobalSection
	GlobalSection(SolutionProperties) = preSolution
		HideSolutionNode = FALSE
	EndGlobalSection
	GlobalSection(ExtensibilityGlobals) = postSolution
		SolutionGuid = {05085A63-5E24-41C8-A1AC-3A9919D4A31D}
	EndGlobalSection
EndGlobal
